
Microsoft Visual Studio Solution File, Format Version 12.00
# Visual Studio Version 16
VisualStudioVersion = 16.0.32002.261
MinimumVisualStudioVersion = 10.0.40219.1
Project("{FAE04EC0-301F-11D3-BF4B-00C04F79EFBC}") = "TungStore", "TungStore.csproj", "{F45210AB-240A-4293-8730-01A352CA0822}"
EndProject
Global
	GlobalSection(SolutionConfigurationPlatforms) = preSolution
		Debug|Any CPU = Debug|Any CPU
		Release|Any CPU = Release|Any CPU
	EndGlobalSection
	GlobalSection(ProjectConfigurationPlatforms) = postSolution
		{F45210AB-240A-4293-8730-01A352CA0822}.Debug|Any CPU.ActiveCfg = Debug|Any CPU
		{F45210AB-240A-4293-8730-01A352CA0822}.Debug|Any CPU.Build.0 = Debug|Any CPU
		{F45210AB-240A-4293-8730-01A352CA0822}.Release|Any CPU.ActiveCfg = Release|Any CPU
		{F45210AB-240A-4293-8730-01A352CA0822}.Release|Any CPU.Build.0 = Release|Any CPU
	EndGlobalSection
	GlobalSection(SolutionProperties) = preSolution
		HideSolutionNode = FALSE
	EndGlobalSection
	GlobalSection(ExtensibilityGlobals) = postSolution
		SolutionGuid = {2716D09A-02E2-4BF7-B63E-7F493D7CD870}
	EndGlobalSection
EndGlobal
